// !$*UTF8*$!
{
	archiveVersion = 1;
	classes = {
	};
	objectVersion = 56;
	objects = {

/* Begin PBXBuildFile section */
		AA000001 /* MarkdownEditorApp.swift in Sources */ = {isa = PBXBuildFile; fileRef = BB000001; };
		AA000002 /* AppState.swift in Sources */ = {isa = PBXBuildFile; fileRef = BB000002; };
		AA000003 /* ContentView.swift in Sources */ = {isa = PBXBuildFile; fileRef = BB000003; };
		AA000004 /* LoginView.swift in Sources */ = {isa = PBXBuildFile; fileRef = BB000004; };
		AA000005 /* RepoListView.swift in Sources */ = {isa = PBXBuildFile; fileRef = BB000005; };
		AA000006 /* SettingsView.swift in Sources */ = {isa = PBXBuildFile; fileRef = BB000006; };
		AA000007 /* AuthService.swift in Sources */ = {isa = PBXBuildFile; fileRef = BB000007; };
		AA000008 /* GitHubProvider.swift in Sources */ = {isa = PBXBuildFile; fileRef = BB000008; };
		AA000009 /* KeychainHelper.swift in Sources */ = {isa = PBXBuildFile; fileRef = BB000009; };
		AA000010 /* Constants.swift in Sources */ = {isa = PBXBuildFile; fileRef = BB000010; };
		AA000011 /* UserProfile.swift in Sources */ = {isa = PBXBuildFile; fileRef = BB000011; };
		AA000012 /* Repository.swift in Sources */ = {isa = PBXBuildFile; fileRef = BB000012; };
		AA000013 /* RemoteProvider.swift in Sources */ = {isa = PBXBuildFile; fileRef = BB000013; };
		AA000014 /* Assets.xcassets in Resources */ = {isa = PBXBuildFile; fileRef = BB000014; };
		AA000015 /* ChatListView.swift in Sources */ = {isa = PBXBuildFile; fileRef = BB000015; };
		AA000016 /* RepoRowView.swift in Sources */ = {isa = PBXBuildFile; fileRef = BB000016; };
		AA000017 /* ProfileView.swift in Sources */ = {isa = PBXBuildFile; fileRef = BB000017; };
		AA000018 /* FileNode.swift in Sources */ = {isa = PBXBuildFile; fileRef = BB000018; };
		AA000019 /* FileTypeDetector.swift in Sources */ = {isa = PBXBuildFile; fileRef = BB000019; };
		AA000020 /* GitService.swift in Sources */ = {isa = PBXBuildFile; fileRef = BB000020; };
		AA000021 /* FileManagerService.swift in Sources */ = {isa = PBXBuildFile; fileRef = BB000021; };
		AA000022 /* FileTreeView.swift in Sources */ = {isa = PBXBuildFile; fileRef = BB000022; };
		AA000023 /* FileNodeRow.swift in Sources */ = {isa = PBXBuildFile; fileRef = BB000023; };
		AA000024 /* TextFileView.swift in Sources */ = {isa = PBXBuildFile; fileRef = BB000024; };
		AA000025 /* ImagePreviewView.swift in Sources */ = {isa = PBXBuildFile; fileRef = BB000025; };
		AA000026 /* BinaryFileView.swift in Sources */ = {isa = PBXBuildFile; fileRef = BB000026; };
		AA000027 /* MarkdownEditorView.swift in Sources */ = {isa = PBXBuildFile; fileRef = BB000027; };
		AA000028 /* EditorToolbar.swift in Sources */ = {isa = PBXBuildFile; fileRef = BB000028; };
		AA000029 /* MarkdownEditorScreen.swift in Sources */ = {isa = PBXBuildFile; fileRef = BB000029; };
		AA000030 /* index.html in Resources */ = {isa = PBXBuildFile; fileRef = BB000030; };
		AA000031 /* editor.js in Resources */ = {isa = PBXBuildFile; fileRef = BB000031; };
		AA000032 /* editor.css in Resources */ = {isa = PBXBuildFile; fileRef = BB000032; };
		AA000033 /* GitStatus.swift in Sources */ = {isa = PBXBuildFile; fileRef = BB000033; };
		AA000034 /* GitCommitService.swift in Sources */ = {isa = PBXBuildFile; fileRef = BB000034; };
		AA000035 /* GitPanelView.swift in Sources */ = {isa = PBXBuildFile; fileRef = BB000035; };
/* End PBXBuildFile section */

/* Begin PBXFileReference section */
		BB000001 /* MarkdownEditorApp.swift */ = {isa = PBXFileReference; lastKnownFileType = sourcecode.swift; path = MarkdownEditorApp.swift; sourceTree = "<group>"; };
		BB000002 /* AppState.swift */ = {isa = PBXFileReference; lastKnownFileType = sourcecode.swift; path = AppState.swift; sourceTree = "<group>"; };
		BB000003 /* ContentView.swift */ = {isa = PBXFileReference; lastKnownFileType = sourcecode.swift; path = ContentView.swift; sourceTree = "<group>"; };
		BB000004 /* LoginView.swift */ = {isa = PBXFileReference; lastKnownFileType = sourcecode.swift; path = LoginView.swift; sourceTree = "<group>"; };
		BB000005 /* RepoListView.swift */ = {isa = PBXFileReference; lastKnownFileType = sourcecode.swift; path = RepoListView.swift; sourceTree = "<group>"; };
		BB000006 /* SettingsView.swift */ = {isa = PBXFileReference; lastKnownFileType = sourcecode.swift; path = SettingsView.swift; sourceTree = "<group>"; };
		BB000007 /* AuthService.swift */ = {isa = PBXFileReference; lastKnownFileType = sourcecode.swift; path = AuthService.swift; sourceTree = "<group>"; };
		BB000008 /* GitHubProvider.swift */ = {isa = PBXFileReference; lastKnownFileType = sourcecode.swift; path = GitHubProvider.swift; sourceTree = "<group>"; };
		BB000009 /* KeychainHelper.swift */ = {isa = PBXFileReference; lastKnownFileType = sourcecode.swift; path = KeychainHelper.swift; sourceTree = "<group>"; };
		BB000010 /* Constants.swift */ = {isa = PBXFileReference; lastKnownFileType = sourcecode.swift; path = Constants.swift; sourceTree = "<group>"; };
		BB000011 /* UserProfile.swift */ = {isa = PBXFileReference; lastKnownFileType = sourcecode.swift; path = UserProfile.swift; sourceTree = "<group>"; };
		BB000012 /* Repository.swift */ = {isa = PBXFileReference; lastKnownFileType = sourcecode.swift; path = Repository.swift; sourceTree = "<group>"; };
		BB000013 /* RemoteProvider.swift */ = {isa = PBXFileReference; lastKnownFileType = sourcecode.swift; path = RemoteProvider.swift; sourceTree = "<group>"; };
		BB000014 /* Assets.xcassets */ = {isa = PBXFileReference; lastKnownFileType = folder.assetcatalog; path = Assets.xcassets; sourceTree = "<group>"; };
		BB000015 /* ChatListView.swift */ = {isa = PBXFileReference; lastKnownFileType = sourcecode.swift; path = ChatListView.swift; sourceTree = "<group>"; };
		BB000016 /* RepoRowView.swift */ = {isa = PBXFileReference; lastKnownFileType = sourcecode.swift; path = RepoRowView.swift; sourceTree = "<group>"; };
		BB000017 /* ProfileView.swift */ = {isa = PBXFileReference; lastKnownFileType = sourcecode.swift; path = ProfileView.swift; sourceTree = "<group>"; };
		BB000018 /* FileNode.swift */ = {isa = PBXFileReference; lastKnownFileType = sourcecode.swift; path = FileNode.swift; sourceTree = "<group>"; };
		BB000019 /* FileTypeDetector.swift */ = {isa = PBXFileReference; lastKnownFileType = sourcecode.swift; path = FileTypeDetector.swift; sourceTree = "<group>"; };
		BB000020 /* GitService.swift */ = {isa = PBXFileReference; lastKnownFileType = sourcecode.swift; path = GitService.swift; sourceTree = "<group>"; };
		BB000021 /* FileManagerService.swift */ = {isa = PBXFileReference; lastKnownFileType = sourcecode.swift; path = FileManagerService.swift; sourceTree = "<group>"; };
		BB000022 /* FileTreeView.swift */ = {isa = PBXFileReference; lastKnownFileType = sourcecode.swift; path = FileTreeView.swift; sourceTree = "<group>"; };
		BB000023 /* FileNodeRow.swift */ = {isa = PBXFileReference; lastKnownFileType = sourcecode.swift; path = FileNodeRow.swift; sourceTree = "<group>"; };
		BB000024 /* TextFileView.swift */ = {isa = PBXFileReference; lastKnownFileType = sourcecode.swift; path = TextFileView.swift; sourceTree = "<group>"; };
		BB000025 /* ImagePreviewView.swift */ = {isa = PBXFileReference; lastKnownFileType = sourcecode.swift; path = ImagePreviewView.swift; sourceTree = "<group>"; };
		BB000026 /* BinaryFileView.swift */ = {isa = PBXFileReference; lastKnownFileType = sourcecode.swift; path = BinaryFileView.swift; sourceTree = "<group>"; };
		BB000027 /* MarkdownEditorView.swift */ = {isa = PBXFileReference; lastKnownFileType = sourcecode.swift; path = MarkdownEditorView.swift; sourceTree = "<group>"; };
		BB000028 /* EditorToolbar.swift */ = {isa = PBXFileReference; lastKnownFileType = sourcecode.swift; path = EditorToolbar.swift; sourceTree = "<group>"; };
		BB000029 /* MarkdownEditorScreen.swift */ = {isa = PBXFileReference; lastKnownFileType = sourcecode.swift; path = MarkdownEditorScreen.swift; sourceTree = "<group>"; };
		BB000030 /* index.html */ = {isa = PBXFileReference; lastKnownFileType = text.html; path = index.html; sourceTree = "<group>"; };
		BB000031 /* editor.js */ = {isa = PBXFileReference; lastKnownFileType = sourcecode.javascript; path = editor.js; sourceTree = "<group>"; };
		BB000032 /* editor.css */ = {isa = PBXFileReference; lastKnownFileType = text.css; path = editor.css; sourceTree = "<group>"; };
		BB000033 /* GitStatus.swift */ = {isa = PBXFileReference; lastKnownFileType = sourcecode.swift; path = GitStatus.swift; sourceTree = "<group>"; };
		BB000034 /* GitCommitService.swift */ = {isa = PBXFileReference; lastKnownFileType = sourcecode.swift; path = GitCommitService.swift; sourceTree = "<group>"; };
		BB000035 /* GitPanelView.swift */ = {isa = PBXFileReference; lastKnownFileType = sourcecode.swift; path = GitPanelView.swift; sourceTree = "<group>"; };
		CC000001 /* MarkdownEditor.app */ = {isa = PBXFileReference; explicitFileType = wrapper.application; includeInIndex = 0; path = MarkdownEditor.app; sourceTree = BUILT_PRODUCTS_DIR; };
/* End PBXFileReference section */

/* Begin PBXFrameworksBuildPhase section */
		DD000001 /* Frameworks */ = {
			isa = PBXFrameworksBuildPhase;
			buildActionMask = 2147483647;
			files = (
			);
			runOnlyForDeploymentPostprocessing = 0;
		};
/* End PBXFrameworksBuildPhase section */

/* Begin PBXGroup section */
		EE000001 = {
			isa = PBXGroup;
			children = (
				EE000002 /* MarkdownEditor */,
				EE000099 /* Products */,
			);
			sourceTree = "<group>";
		};
		EE000002 /* MarkdownEditor */ = {
			isa = PBXGroup;
			children = (
				EE000003 /* App */,
				EE000004 /* Views */,
				EE000005 /* Services */,
				EE000006 /* Models */,
				EE000007 /* Utilities */,
				EE000008 /* Resources */,
			);
			path = MarkdownEditor;
			sourceTree = "<group>";
		};
		EE000003 /* App */ = {
			isa = PBXGroup;
			children = (
				BB000001 /* MarkdownEditorApp.swift */,
				BB000002 /* AppState.swift */,
				BB000003 /* ContentView.swift */,
			);
			path = App;
			sourceTree = "<group>";
		};
		EE000004 /* Views */ = {
			isa = PBXGroup;
			children = (
				EE000010 /* Auth */,
				EE000011 /* Repos */,
				EE000014 /* Files */,
				EE000015 /* Editor */,
				EE000017 /* Git */,
				EE000012 /* Chat */,
				EE000013 /* Settings */,
			);
			path = Views;
			sourceTree = "<group>";
		};
		EE000015 /* Editor */ = {
			isa = PBXGroup;
			children = (
				BB000027 /* MarkdownEditorView.swift */,
				BB000028 /* EditorToolbar.swift */,
				BB000029 /* MarkdownEditorScreen.swift */,
				EE000016 /* WebView */,
			);
			path = Editor;
			sourceTree = "<group>";
		};
		EE000017 /* Git */ = {
			isa = PBXGroup;
			children = (
				BB000035 /* GitPanelView.swift */,
			);
			path = Git;
			sourceTree = "<group>";
		};
		EE000016 /* WebView */ = {
			isa = PBXGroup;
			children = (
				BB000030 /* index.html */,
				BB000031 /* editor.js */,
				BB000032 /* editor.css */,
			);
			path = WebView;
			sourceTree = "<group>";
		};
		EE000014 /* Files */ = {
			isa = PBXGroup;
			children = (
				BB000022 /* FileTreeView.swift */,
				BB000023 /* FileNodeRow.swift */,
				BB000024 /* TextFileView.swift */,
				BB000025 /* ImagePreviewView.swift */,
				BB000026 /* BinaryFileView.swift */,
			);
			path = Files;
			sourceTree = "<group>";
		};
		EE000005 /* Services */ = {
			isa = PBXGroup;
			children = (
				BB000007 /* AuthService.swift */,
				BB000013 /* RemoteProvider.swift */,
				BB000008 /* GitHubProvider.swift */,
				BB000020 /* GitService.swift */,
				BB000021 /* FileManagerService.swift */,
				BB000034 /* GitCommitService.swift */,
			);
			path = Services;
			sourceTree = "<group>";
		};
		EE000006 /* Models */ = {
			isa = PBXGroup;
			children = (
				BB000011 /* UserProfile.swift */,
				BB000012 /* Repository.swift */,
				BB000018 /* FileNode.swift */,
				BB000033 /* GitStatus.swift */,
			);
			path = Models;
			sourceTree = "<group>";
		};
		EE000007 /* Utilities */ = {
			isa = PBXGroup;
			children = (
				BB000009 /* KeychainHelper.swift */,
				BB000010 /* Constants.swift */,
				BB000019 /* FileTypeDetector.swift */,
			);
			path = Utilities;
			sourceTree = "<group>";
		};
		EE000008 /* Resources */ = {
			isa = PBXGroup;
			children = (
				BB000014 /* Assets.xcassets */,
			);
			path = Resources;
			sourceTree = "<group>";
		};
		EE000010 /* Auth */ = {
			isa = PBXGroup;
			children = (
				BB000004 /* LoginView.swift */,
			);
			path = Auth;
			sourceTree = "<group>";
		};
		EE000011 /* Repos */ = {
			isa = PBXGroup;
			children = (
				BB000005 /* RepoListView.swift */,
				BB000016 /* RepoRowView.swift */,
			);
			path = Repos;
			sourceTree = "<group>";
		};
		EE000012 /* Chat */ = {
			isa = PBXGroup;
			children = (
				BB000015 /* ChatListView.swift */,
			);
			path = Chat;
			sourceTree = "<group>";
		};
		EE000013 /* Settings */ = {
			isa = PBXGroup;
			children = (
				BB000006 /* SettingsView.swift */,
				BB000017 /* ProfileView.swift */,
			);
			path = Settings;
			sourceTree = "<group>";
		};
		EE000099 /* Products */ = {
			isa = PBXGroup;
			children = (
				CC000001 /* MarkdownEditor.app */,
			);
			name = Products;
			sourceTree = "<group>";
		};
/* End PBXGroup section */

/* Begin PBXNativeTarget section */
		FF000001 /* MarkdownEditor */ = {
			isa = PBXNativeTarget;
			buildConfigurationList = FF000010;
			buildPhases = (
				FF000002 /* Sources */,
				DD000001 /* Frameworks */,
				FF000003 /* Resources */,
			);
			buildRules = (
			);
			dependencies = (
			);
			name = MarkdownEditor;
			productName = MarkdownEditor;
			productReference = CC000001 /* MarkdownEditor.app */;
			productType = "com.apple.product-type.application";
		};
/* End PBXNativeTarget section */

/* Begin PBXProject section */
		FF000099 /* Project object */ = {
			isa = PBXProject;
			attributes = {
				BuildIndependentTargetsInParallel = 1;
				LastSwiftUpdateCheck = 1500;
				LastUpgradeCheck = 1500;
				TargetAttributes = {
					FF000001 = {
						CreatedOnToolsVersion = 15.0;
					};
				};
			};
			buildConfigurationList = FF000098;
			compatibilityVersion = "Xcode 14.0";
			developmentRegion = en;
			hasScannedForEncodings = 0;
			knownRegions = (
				en,
				Base,
			);
			mainGroup = EE000001;
			productRefGroup = EE000099 /* Products */;
			projectDirPath = "";
			projectRoot = "";
			targets = (
				FF000001 /* MarkdownEditor */,
			);
		};
/* End PBXProject section */

/* Begin PBXResourcesBuildPhase section */
		FF000003 /* Resources */ = {
			isa = PBXResourcesBuildPhase;
			buildActionMask = 2147483647;
			files = (
				AA000014 /* Assets.xcassets in Resources */,
				AA000030 /* index.html in Resources */,
				AA000031 /* editor.js in Resources */,
				AA000032 /* editor.css in Resources */,
			);
			runOnlyForDeploymentPostprocessing = 0;
		};
/* End PBXResourcesBuildPhase section */

/* Begin PBXSourcesBuildPhase section */
		FF000002 /* Sources */ = {
			isa = PBXSourcesBuildPhase;
			buildActionMask = 2147483647;
			files = (
				AA000001 /* MarkdownEditorApp.swift in Sources */,
				AA000002 /* AppState.swift in Sources */,
				AA000003 /* ContentView.swift in Sources */,
				AA000004 /* LoginView.swift in Sources */,
				AA000005 /* RepoListView.swift in Sources */,
				AA000006 /* SettingsView.swift in Sources */,
				AA000007 /* AuthService.swift in Sources */,
				AA000008 /* GitHubProvider.swift in Sources */,
				AA000009 /* KeychainHelper.swift in Sources */,
				AA000010 /* Constants.swift in Sources */,
				AA000011 /* UserProfile.swift in Sources */,
				AA000012 /* Repository.swift in Sources */,
				AA000013 /* RemoteProvider.swift in Sources */,
				AA000015 /* ChatListView.swift in Sources */,
				AA000016 /* RepoRowView.swift in Sources */,
				AA000017 /* ProfileView.swift in Sources */,
				AA000018 /* FileNode.swift in Sources */,
				AA000019 /* FileTypeDetector.swift in Sources */,
				AA000020 /* GitService.swift in Sources */,
				AA000021 /* FileManagerService.swift in Sources */,
				AA000022 /* FileTreeView.swift in Sources */,
				AA000023 /* FileNodeRow.swift in Sources */,
				AA000024 /* TextFileView.swift in Sources */,
				AA000025 /* ImagePreviewView.swift in Sources */,
				AA000026 /* BinaryFileView.swift in Sources */,
				AA000027 /* MarkdownEditorView.swift in Sources */,
				AA000028 /* EditorToolbar.swift in Sources */,
				AA000029 /* MarkdownEditorScreen.swift in Sources */,
				AA000033 /* GitStatus.swift in Sources */,
				AA000034 /* GitCommitService.swift in Sources */,
				AA000035 /* GitPanelView.swift in Sources */,
			);
			runOnlyForDeploymentPostprocessing = 0;
		};
/* End PBXSourcesBuildPhase section */

/* Begin XCBuildConfiguration section */
		GG000001 /* Debug */ = {
			isa = XCBuildConfiguration;
			buildSettings = {
				ALWAYS_SEARCH_USER_PATHS = NO;
				ASSETCATALOG_COMPILER_GENERATE_SWIFT_ASSET_SYMBOL_EXTENSIONS = YES;
				CLANG_ANALYZER_NONNULL = YES;
				CLANG_ANALYZER_NUMBER_OBJECT_CONVERSION = YES_AGGRESSIVE;
				CLANG_CXX_LANGUAGE_STANDARD = "gnu++20";
				CLANG_ENABLE_MODULES = YES;
				CLANG_ENABLE_OBJC_ARC = YES;
				CLANG_ENABLE_OBJC_WEAK = YES;
				CLANG_WARN_BLOCK_CAPTURE_AUTORELEASING = YES;
				CLANG_WARN_BOOL_CONVERSION = YES;
				CLANG_WARN_COMMA = YES;
				CLANG_WARN_CONSTANT_CONVERSION = YES;
				CLANG_WARN_DEPRECATED_OBJC_IMPLEMENTATIONS = YES;
				CLANG_WARN_DIRECT_OBJC_ISA_USAGE = YES_ERROR;
				CLANG_WARN_DOCUMENTATION_COMMENTS = YES;
				CLANG_WARN_EMPTY_BODY = YES;
				CLANG_WARN_ENUM_CONVERSION = YES;
				CLANG_WARN_INFINITE_RECURSION = YES;
				CLANG_WARN_INT_CONVERSION = YES;
				CLANG_WARN_NON_LITERAL_NULL_CONVERSION = YES;
				CLANG_WARN_OBJC_IMPLICIT_RETAIN_SELF = YES;
				CLANG_WARN_OBJC_LITERAL_CONVERSION = YES;
				CLANG_WARN_OBJC_ROOT_CLASS = YES_ERROR;
				CLANG_WARN_QUOTED_INCLUDE_IN_FRAMEWORK_HEADER = YES;
				CLANG_WARN_RANGE_LOOP_ANALYSIS = YES;
				CLANG_WARN_STRICT_PROTOTYPES = YES;
				CLANG_WARN_SUSPICIOUS_MOVE = YES;
				CLANG_WARN_UNGUARDED_AVAILABILITY = YES_AGGRESSIVE;
				CLANG_WARN_UNREACHABLE_CODE = YES;
				CLANG_WARN__DUPLICATE_METHOD_MATCH = YES;
				COPY_PHASE_STRIP = NO;
				DEBUG_INFORMATION_FORMAT = dwarf;
				ENABLE_STRICT_OBJC_MSGSEND = YES;
				ENABLE_TESTABILITY = YES;
				ENABLE_USER_SCRIPT_SANDBOXING = YES;
				GCC_C_LANGUAGE_STANDARD = gnu17;
				GCC_DYNAMIC_NO_PIC = NO;
				GCC_NO_COMMON_BLOCKS = YES;
				GCC_OPTIMIZATION_LEVEL = 0;
				GCC_PREPROCESSOR_DEFINITIONS = (
					"DEBUG=1",
					"$(inherited)",
				);
				GCC_WARN_64_TO_32_BIT_CONVERSION = YES;
				GCC_WARN_ABOUT_RETURN_TYPE = YES_ERROR;
				GCC_WARN_UNDECLARED_SELECTOR = YES;
				GCC_WARN_UNINITIALIZED_AUTOS = YES_AGGRESSIVE;
				GCC_WARN_UNUSED_FUNCTION = YES;
				GCC_WARN_UNUSED_VARIABLE = YES;
				IPHONEOS_DEPLOYMENT_TARGET = 17.0;
				MTL_ENABLE_DEBUG_INFO = INCLUDE_SOURCE;
				MTL_FAST_MATH = YES;
				ONLY_ACTIVE_ARCH = YES;
				SDKROOT = iphoneos;
				SWIFT_ACTIVE_COMPILATION_CONDITIONS = "DEBUG $(inherited)";
				SWIFT_OPTIMIZATION_LEVEL = "-Onone";
			};
			name = Debug;
		};
		GG000002 /* Release */ = {
			isa = XCBuildConfiguration;
			buildSettings = {
				ALWAYS_SEARCH_USER_PATHS = NO;
				ASSETCATALOG_COMPILER_GENERATE_SWIFT_ASSET_SYMBOL_EXTENSIONS = YES;
				CLANG_ANALYZER_NONNULL = YES;
				CLANG_ANALYZER_NUMBER_OBJECT_CONVERSION = YES_AGGRESSIVE;
				CLANG_CXX_LANGUAGE_STANDARD = "gnu++20";
				CLANG_ENABLE_MODULES = YES;
				CLANG_ENABLE_OBJC_ARC = YES;
				CLANG_ENABLE_OBJC_WEAK = YES;
				CLANG_WARN_BLOCK_CAPTURE_AUTORELEASING = YES;
				CLANG_WARN_BOOL_CONVERSION = YES;
				CLANG_WARN_COMMA = YES;
				CLANG_WARN_CONSTANT_CONVERSION = YES;
				CLANG_WARN_DEPRECATED_OBJC_IMPLEMENTATIONS = YES;
				CLANG_WARN_DIRECT_OBJC_ISA_USAGE = YES_ERROR;
				CLANG_WARN_DOCUMENTATION_COMMENTS = YES;
				CLANG_WARN_EMPTY_BODY = YES;
				CLANG_WARN_ENUM_CONVERSION = YES;
				CLANG_WARN_INFINITE_RECURSION = YES;
				CLANG_WARN_INT_CONVERSION = YES;
				CLANG_WARN_NON_LITERAL_NULL_CONVERSION = YES;
				CLANG_WARN_OBJC_IMPLICIT_RETAIN_SELF = YES;
				CLANG_WARN_OBJC_LITERAL_CONVERSION = YES;
				CLANG_WARN_OBJC_ROOT_CLASS = YES_ERROR;
				CLANG_WARN_QUOTED_INCLUDE_IN_FRAMEWORK_HEADER = YES;
				CLANG_WARN_RANGE_LOOP_ANALYSIS = YES;
				CLANG_WARN_STRICT_PROTOTYPES = YES;
				CLANG_WARN_SUSPICIOUS_MOVE = YES;
				CLANG_WARN_UNGUARDED_AVAILABILITY = YES_AGGRESSIVE;
				CLANG_WARN_UNREACHABLE_CODE = YES;
				CLANG_WARN__DUPLICATE_METHOD_MATCH = YES;
				COPY_PHASE_STRIP = NO;
				DEBUG_INFORMATION_FORMAT = "dwarf-with-dsym";
				ENABLE_NS_ASSERTIONS = NO;
				ENABLE_STRICT_OBJC_MSGSEND = YES;
				ENABLE_USER_SCRIPT_SANDBOXING = YES;
				GCC_C_LANGUAGE_STANDARD = gnu17;
				GCC_NO_COMMON_BLOCKS = YES;
				GCC_WARN_64_TO_32_BIT_CONVERSION = YES;
				GCC_WARN_ABOUT_RETURN_TYPE = YES_ERROR;
				GCC_WARN_UNDECLARED_SELECTOR = YES;
				GCC_WARN_UNINITIALIZED_AUTOS = YES_AGGRESSIVE;
				GCC_WARN_UNUSED_FUNCTION = YES;
				GCC_WARN_UNUSED_VARIABLE = YES;
				IPHONEOS_DEPLOYMENT_TARGET = 17.0;
				MTL_ENABLE_DEBUG_INFO = NO;
				MTL_FAST_MATH = YES;
				SDKROOT = iphoneos;
				SWIFT_COMPILATION_MODE = wholemodule;
				VALIDATE_PRODUCT = YES;
			};
			name = Release;
		};
		GG000003 /* Debug */ = {
			isa = XCBuildConfiguration;
			buildSettings = {
				ASSETCATALOG_COMPILER_APPICON_NAME = AppIcon;
				ASSETCATALOG_COMPILER_GLOBAL_ACCENT_COLOR_NAME = AccentColor;
				CODE_SIGN_STYLE = Automatic;
				CURRENT_PROJECT_VERSION = 1;
				DEVELOPMENT_TEAM = "";
				GENERATE_INFOPLIST_FILE = YES;
				INFOPLIST_KEY_UIApplicationSceneManifest_Generation = YES;
				INFOPLIST_KEY_UIApplicationSupportsIndirectInputEvents = YES;
				INFOPLIST_KEY_UILaunchScreen_Generation = YES;
				INFOPLIST_KEY_UISupportedInterfaceOrientations_iPad = "UIInterfaceOrientationPortrait UIInterfaceOrientationPortraitUpsideDown UIInterfaceOrientationLandscapeLeft UIInterfaceOrientationLandscapeRight";
				INFOPLIST_KEY_UISupportedInterfaceOrientations_iPhone = "UIInterfaceOrientationPortrait UIInterfaceOrientationLandscapeLeft UIInterfaceOrientationLandscapeRight";
				LD_RUNPATH_SEARCH_PATHS = (
					"$(inherited)",
					"@executable_path/Frameworks",
				);
				MARKETING_VERSION = 1.0;
				PRODUCT_BUNDLE_IDENTIFIER = com.frank2679.MarkdownEditor;
				PRODUCT_NAME = "$(TARGET_NAME)";
				SWIFT_EMIT_LOC_STRINGS = YES;
				SWIFT_VERSION = 5.0;
				TARGETED_DEVICE_FAMILY = "1,2";
			};
			name = Debug;
		};
		GG000004 /* Release */ = {
			isa = XCBuildConfiguration;
			buildSettings = {
				ASSETCATALOG_COMPILER_APPICON_NAME = AppIcon;
				ASSETCATALOG_COMPILER_GLOBAL_ACCENT_COLOR_NAME = AccentColor;
				CODE_SIGN_STYLE = Automatic;
				CURRENT_PROJECT_VERSION = 1;
				DEVELOPMENT_TEAM = "";
				GENERATE_INFOPLIST_FILE = YES;
				INFOPLIST_KEY_UIApplicationSceneManifest_Generation = YES;
				INFOPLIST_KEY_UIApplicationSupportsIndirectInputEvents = YES;
				INFOPLIST_KEY_UILaunchScreen_Generation = YES;
				INFOPLIST_KEY_UISupportedInterfaceOrientations_iPad = "UIInterfaceOrientationPortrait UIInterfaceOrientationPortraitUpsideDown UIInterfaceOrientationLandscapeLeft UIInterfaceOrientationLandscapeRight";
				INFOPLIST_KEY_UISupportedInterfaceOrientations_iPhone = "UIInterfaceOrientationPortrait UIInterfaceOrientationLandscapeLeft UIInterfaceOrientationLandscapeRight";
				LD_RUNPATH_SEARCH_PATHS = (
					"$(inherited)",
					"@executable_path/Frameworks",
				);
				MARKETING_VERSION = 1.0;
				PRODUCT_BUNDLE_IDENTIFIER = com.frank2679.MarkdownEditor;
				PRODUCT_NAME = "$(TARGET_NAME)";
				SWIFT_EMIT_LOC_STRINGS = YES;
				SWIFT_VERSION = 5.0;
				TARGETED_DEVICE_FAMILY = "1,2";
			};
			name = Release;
		};
/* End XCBuildConfiguration section */

/* Begin XCConfigurationList section */
		FF000098 /* Build configuration list for PBXProject */ = {
			isa = XCConfigurationList;
			buildConfigurations = (
				GG000001 /* Debug */,
				GG000002 /* Release */,
			);
			defaultConfigurationIsVisible = 0;
			defaultConfigurationName = Release;
		};
		FF000010 /* Build configuration list for PBXNativeTarget */ = {
			isa = XCConfigurationList;
			buildConfigurations = (
				GG000003 /* Debug */,
				GG000004 /* Release */,
			);
			defaultConfigurationIsVisible = 0;
			defaultConfigurationName = Release;
		};
/* End XCConfigurationList section */
	};
	rootObject = FF000099 /* Project object */;
}
